
Microsoft Visual Studio Solution File, Format Version 12.00
# Visual Studio Version 16
VisualStudioVersion = 16.0.30611.23
MinimumVisualStudioVersion = 10.0.40219.1
Project("{FAE04EC0-301F-11D3-BF4B-00C04F79EFBC}") = "MvvmClock.UWP", "MvvmClock\MvvmClock.UWP\MvvmClock.UWP.csproj", "{FE047D45-5375-4EA5-979A-951E46A1671F}"
EndProject
Project("{FAE04EC0-301F-11D3-BF4B-00C04F79EFBC}") = "MvvmClock.Android", "MvvmClock\MvvmClock.Android\MvvmClock.Android.csproj", "{D60D48CC-BE4D-4A3C-A353-238D0F089CDB}"
EndProject
Project("{FAE04EC0-301F-11D3-BF4B-00C04F79EFBC}") = "MvvmClock.iOS", "MvvmClock\MvvmClock.iOS\MvvmClock.iOS.csproj", "{AE35C755-1ACA-46E1-A5E2-25258D4EEB94}"
EndProject
Project("{FAE04EC0-301F-11D3-BF4B-00C04F79EFBC}") = "MvvmClock", "MvvmClock\MvvmClock\MvvmClock.csproj", "{C7366584-FDDA-4960-94F2-A357F48F6A4B}"
EndProject
Global
	GlobalSection(SolutionConfigurationPlatforms) = preSolution
		Debug|Any CPU = Debug|Any CPU
		Debug|ARM = Debug|ARM
		Debug|iPhone = Debug|iPhone
		Debug|iPhoneSimulator = Debug|iPhoneSimulator
		Debug|x64 = Debug|x64
		Debug|x86 = Debug|x86
		Release|Any CPU = Release|Any CPU
		Release|ARM = Release|ARM
		Release|iPhone = Release|iPhone
		Release|iPhoneSimulator = Release|iPhoneSimulator
		Release|x64 = Release|x64
		Release|x86 = Release|x86
	EndGlobalSection
	GlobalSection(ProjectConfigurationPlatforms) = postSolution
		{FE047D45-5375-4EA5-979A-951E46A1671F}.Debug|Any CPU.ActiveCfg = Debug|x86
		{FE047D45-5375-4EA5-979A-951E46A1671F}.Debug|Any CPU.Build.0 = Debug|x86
		{FE047D45-5375-4EA5-979A-951E46A1671F}.Debug|Any CPU.Deploy.0 = Debug|x86
		{FE047D45-5375-4EA5-979A-951E46A1671F}.Debug|ARM.ActiveCfg = Debug|ARM
		{FE047D45-5375-4EA5-979A-951E46A1671F}.Debug|ARM.Build.0 = Debug|ARM
		{FE047D45-5375-4EA5-979A-951E46A1671F}.Debug|ARM.Deploy.0 = Debug|ARM
		{FE047D45-5375-4EA5-979A-951E46A1671F}.Debug|iPhone.ActiveCfg = Debug|x86
		{FE047D45-5375-4EA5-979A-951E46A1671F}.Debug|iPhone.Build.0 = Debug|x86
		{FE047D45-5375-4EA5-979A-951E46A1671F}.Debug|iPhone.Deploy.0 = Debug|x86
		{FE047D45-5375-4EA5-979A-951E46A1671F}.Debug|iPhoneSimulator.ActiveCfg = Debug|x86
		{FE047D45-5375-4EA5-979A-951E46A1671F}.Debug|iPhoneSimulator.Build.0 = Debug|x86
		{FE047D45-5375-4EA5-979A-951E46A1671F}.Debug|iPhoneSimulator.Deploy.0 = Debug|x86
		{FE047D45-5375-4EA5-979A-951E46A1671F}.Debug|x64.ActiveCfg = Debug|x64
		{FE047D45-5375-4EA5-979A-951E46A1671F}.Debug|x64.Build.0 = Debug|x64
		{FE047D45-5375-4EA5-979A-951E46A1671F}.Debug|x64.Deploy.0 = Debug|x64
		{FE047D45-5375-4EA5-979A-951E46A1671F}.Debug|x86.ActiveCfg = Debug|x86
		{FE047D45-5375-4EA5-979A-951E46A1671F}.Debug|x86.Build.0 = Debug|x86
		{FE047D45-5375-4EA5-979A-951E46A1671F}.Debug|x86.Deploy.0 = Debug|x86
		{FE047D45-5375-4EA5-979A-951E46A1671F}.Release|Any CPU.ActiveCfg = Release|x86
		{FE047D45-5375-4EA5-979A-951E46A1671F}.Release|Any CPU.Build.0 = Release|x86
		{FE047D45-5375-4EA5-979A-951E46A1671F}.Release|Any CPU.Deploy.0 = Release|x86
		{FE047D45-5375-4EA5-979A-951E46A1671F}.Release|ARM.ActiveCfg = Release|ARM
		{FE047D45-5375-4EA5-979A-951E46A1671F}.Release|ARM.Build.0 = Release|ARM
		{FE047D45-5375-4EA5-979A-951E46A1671F}.Release|ARM.Deploy.0 = Release|ARM
		{FE047D45-5375-4EA5-979A-951E46A1671F}.Release|iPhone.ActiveCfg = Release|x86
		{FE047D45-5375-4EA5-979A-951E46A1671F}.Release|iPhone.Build.0 = Release|x86
		{FE047D45-5375-4EA5-979A-951E46A1671F}.Release|iPhone.Deploy.0 = Release|x86
		{FE047D45-5375-4EA5-979A-951E46A1671F}.Release|iPhoneSimulator.ActiveCfg = Release|x86
		{FE047D45-5375-4EA5-979A-951E46A1671F}.Release|iPhoneSimulator.Build.0 = Release|x86
		{FE047D45-5375-4EA5-979A-951E46A1671F}.Release|iPhoneSimulator.Deploy.0 = Release|x86
		{FE047D45-5375-4EA5-979A-951E46A1671F}.Release|x64.ActiveCfg = Release|x64
		{FE047D45-5375-4EA5-979A-951E46A1671F}.Release|x64.Build.0 = Release|x64
		{FE047D45-5375-4EA5-979A-951E46A1671F}.Release|x64.Deploy.0 = Release|x64
		{FE047D45-5375-4EA5-979A-951E46A1671F}.Release|x86.ActiveCfg = Release|x86
		{FE047D45-5375-4EA5-979A-951E46A1671F}.Release|x86.Build.0 = Release|x86
		{FE047D45-5375-4EA5-979A-951E46A1671F}.Release|x86.Deploy.0 = Release|x86
		{D60D48CC-BE4D-4A3C-A353-238D0F089CDB}.Debug|Any CPU.ActiveCfg = Debug|Any CPU
		{D60D48CC-BE4D-4A3C-A353-238D0F089CDB}.Debug|Any CPU.Build.0 = Debug|Any CPU
		{D60D48CC-BE4D-4A3C-A353-238D0F089CDB}.Debug|Any CPU.Deploy.0 = Debug|Any CPU
		{D60D48CC-BE4D-4A3C-A353-238D0F089CDB}.Debug|ARM.ActiveCfg = Debug|Any CPU
		{D60D48CC-BE4D-4A3C-A353-238D0F089CDB}.Debug|ARM.Build.0 = Debug|Any CPU
		{D60D48CC-BE4D-4A3C-A353-238D0F089CDB}.Debug|ARM.Deploy.0 = Debug|Any CPU
		{D60D48CC-BE4D-4A3C-A353-238D0F089CDB}.Debug|iPhone.ActiveCfg = Debug|Any CPU
		{D60D48CC-BE4D-4A3C-A353-238D0F089CDB}.Debug|iPhone.Build.0 = Debug|Any CPU
		{D60D48CC-BE4D-4A3C-A353-238D0F089CDB}.Debug|iPhone.Deploy.0 = Debug|Any CPU
		{D60D48CC-BE4D-4A3C-A353-238D0F089CDB}.Debug|iPhoneSimulator.ActiveCfg = Debug|Any CPU
		{D60D48CC-BE4D-4A3C-A353-238D0F089CDB}.Debug|iPhoneSimulator.Build.0 = Debug|Any CPU
		{D60D48CC-BE4D-4A3C-A353-238D0F089CDB}.Debug|iPhoneSimulator.Deploy.0 = Debug|Any CPU
		{D60D48CC-BE4D-4A3C-A353-238D0F089CDB}.Debug|x64.ActiveCfg = Debug|Any CPU
		{D60D48CC-BE4D-4A3C-A353-238D0F089CDB}.Debug|x64.Build.0 = Debug|Any CPU
		{D60D48CC-BE4D-4A3C-A353-238D0F089CDB}.Debug|x64.Deploy.0 = Debug|Any CPU
		{D60D48CC-BE4D-4A3C-A353-238D0F089CDB}.Debug|x86.ActiveCfg = Debug|Any CPU
		{D60D48CC-BE4D-4A3C-A353-238D0F089CDB}.Debug|x86.Build.0 = Debug|Any CPU
		{D60D48CC-BE4D-4A3C-A353-238D0F089CDB}.Debug|x86.Deploy.0 = Debug|Any CPU
		{D60D48CC-BE4D-4A3C-A353-238D0F089CDB}.Release|Any CPU.ActiveCfg = Release|Any CPU
		{D60D48CC-BE4D-4A3C-A353-238D0F089CDB}.Release|Any CPU.Build.0 = Release|Any CPU
		{D60D48CC-BE4D-4A3C-A353-238D0F089CDB}.Release|Any CPU.Deploy.0 = Release|Any CPU
		{D60D48CC-BE4D-4A3C-A353-238D0F089CDB}.Release|ARM.ActiveCfg = Release|Any CPU
		{D60D48CC-BE4D-4A3C-A353-238D0F089CDB}.Release|ARM.Build.0 = Release|Any CPU
		{D60D48CC-BE4D-4A3C-A353-238D0F089CDB}.Release|ARM.Deploy.0 = Release|Any CPU
		{D60D48CC-BE4D-4A3C-A353-238D0F089CDB}.Release|iPhone.ActiveCfg = Release|Any CPU
		{D60D48CC-BE4D-4A3C-A353-238D0F089CDB}.Release|iPhone.Build.0 = Release|Any CPU
		{D60D48CC-BE4D-4A3C-A353-238D0F089CDB}.Release|iPhone.Deploy.0 = Release|Any CPU
		{D60D48CC-BE4D-4A3C-A353-238D0F089CDB}.Release|iPhoneSimulator.ActiveCfg = Release|Any CPU
		{D60D48CC-BE4D-4A3C-A353-238D0F089CDB}.Release|iPhoneSimulator.Build.0 = Release|Any CPU
		{D60D48CC-BE4D-4A3C-A353-238D0F089CDB}.Release|iPhoneSimulator.Deploy.0 = Release|Any CPU
		{D60D48CC-BE4D-4A3C-A353-238D0F089CDB}.Release|x64.ActiveCfg = Release|Any CPU
		{D60D48CC-BE4D-4A3C-A353-238D0F089CDB}.Release|x64.Build.0 = Release|Any CPU
		{D60D48CC-BE4D-4A3C-A353-238D0F089CDB}.Release|x64.Deploy.0 = Release|Any CPU
		{D60D48CC-BE4D-4A3C-A353-238D0F089CDB}.Release|x86.ActiveCfg = Release|Any CPU
		{D60D48CC-BE4D-4A3C-A353-238D0F089CDB}.Release|x86.Build.0 = Release|Any CPU
		{D60D48CC-BE4D-4A3C-A353-238D0F089CDB}.Release|x86.Deploy.0 = Release|Any CPU
		{AE35C755-1ACA-46E1-A5E2-25258D4EEB94}.Debug|Any CPU.ActiveCfg = Debug|iPhoneSimulator
		{AE35C755-1ACA-46E1-A5E2-25258D4EEB94}.Debug|Any CPU.Build.0 = Debug|iPhoneSimulator
		{AE35C755-1ACA-46E1-A5E2-25258D4EEB94}.Debug|Any CPU.Deploy.0 = Debug|iPhoneSimulator
		{AE35C755-1ACA-46E1-A5E2-25258D4EEB94}.Debug|ARM.ActiveCfg = Debug|iPhone
		{AE35C755-1ACA-46E1-A5E2-25258D4EEB94}.Debug|ARM.Build.0 = Debug|iPhone
		{AE35C755-1ACA-46E1-A5E2-25258D4EEB94}.Debug|ARM.Deploy.0 = Debug|iPhone
		{AE35C755-1ACA-46E1-A5E2-25258D4EEB94}.Debug|iPhone.ActiveCfg = Debug|iPhone
		{AE35C755-1ACA-46E1-A5E2-25258D4EEB94}.Debug|iPhone.Build.0 = Debug|iPhone
		{AE35C755-1ACA-46E1-A5E2-25258D4EEB94}.Debug|iPhone.Deploy.0 = Debug|iPhone
		{AE35C755-1ACA-46E1-A5E2-25258D4EEB94}.Debug|iPhoneSimulator.ActiveCfg = Debug|iPhoneSimulator
		{AE35C755-1ACA-46E1-A5E2-25258D4EEB94}.Debug|iPhoneSimulator.Build.0 = Debug|iPhoneSimulator
		{AE35C755-1ACA-46E1-A5E2-25258D4EEB94}.Debug|iPhoneSimulator.Deploy.0 = Debug|iPhoneSimulator
		{AE35C755-1ACA-46E1-A5E2-25258D4EEB94}.Debug|x64.ActiveCfg = Debug|iPhoneSimulator
		{AE35C755-1ACA-46E1-A5E2-25258D4EEB94}.Debug|x64.Build.0 = Debug|iPhoneSimulator
		{AE35C755-1ACA-46E1-A5E2-25258D4EEB94}.Debug|x64.Deploy.0 = Debug|iPhoneSimulator
		{AE35C755-1ACA-46E1-A5E2-25258D4EEB94}.Debug|x86.ActiveCfg = Debug|iPhoneSimulator
		{AE35C755-1ACA-46E1-A5E2-25258D4EEB94}.Debug|x86.Build.0 = Debug|iPhoneSimulator
		{AE35C755-1ACA-46E1-A5E2-25258D4EEB94}.Debug|x86.Deploy.0 = Debug|iPhoneSimulator
		{AE35C755-1ACA-46E1-A5E2-25258D4EEB94}.Release|Any CPU.ActiveCfg = Release|iPhoneSimulator
		{AE35C755-1ACA-46E1-A5E2-25258D4EEB94}.Release|Any CPU.Build.0 = Release|iPhoneSimulator
		{AE35C755-1ACA-46E1-A5E2-25258D4EEB94}.Release|Any CPU.Deploy.0 = Release|iPhoneSimulator
		{AE35C755-1ACA-46E1-A5E2-25258D4EEB94}.Release|ARM.ActiveCfg = Release|iPhoneSimulator
		{AE35C755-1ACA-46E1-A5E2-25258D4EEB94}.Release|ARM.Build.0 = Release|iPhoneSimulator
		{AE35C755-1ACA-46E1-A5E2-25258D4EEB94}.Release|ARM.Deploy.0 = Release|iPhoneSimulator
		{AE35C755-1ACA-46E1-A5E2-25258D4EEB94}.Release|iPhone.ActiveCfg = Release|iPhone
		{AE35C755-1ACA-46E1-A5E2-25258D4EEB94}.Release|iPhone.Build.0 = Release|iPhone
		{AE35C755-1ACA-46E1-A5E2-25258D4EEB94}.Release|iPhone.Deploy.0 = Release|iPhone
		{AE35C755-1ACA-46E1-A5E2-25258D4EEB94}.Release|iPhoneSimulator.ActiveCfg = Release|iPhoneSimulator
		{AE35C755-1ACA-46E1-A5E2-25258D4EEB94}.Release|iPhoneSimulator.Build.0 = Release|iPhoneSimulator
		{AE35C755-1ACA-46E1-A5E2-25258D4EEB94}.Release|iPhoneSimulator.Deploy.0 = Release|iPhoneSimulator
		{AE35C755-1ACA-46E1-A5E2-25258D4EEB94}.Release|x64.ActiveCfg = Release|iPhoneSimulator
		{AE35C755-1ACA-46E1-A5E2-25258D4EEB94}.Release|x64.Build.0 = Release|iPhoneSimulator
		{AE35C755-1ACA-46E1-A5E2-25258D4EEB94}.Release|x64.Deploy.0 = Release|iPhoneSimulator
		{AE35C755-1ACA-46E1-A5E2-25258D4EEB94}.Release|x86.ActiveCfg = Release|iPhoneSimulator
		{AE35C755-1ACA-46E1-A5E2-25258D4EEB94}.Release|x86.Build.0 = Release|iPhoneSimulator
		{AE35C755-1ACA-46E1-A5E2-25258D4EEB94}.Release|x86.Deploy.0 = Release|iPhoneSimulator
		{C7366584-FDDA-4960-94F2-A357F48F6A4B}.Debug|Any CPU.ActiveCfg = Debug|Any CPU
		{C7366584-FDDA-4960-94F2-A357F48F6A4B}.Debug|Any CPU.Build.0 = Debug|Any CPU
		{C7366584-FDDA-4960-94F2-A357F48F6A4B}.Debug|Any CPU.Deploy.0 = Debug|Any CPU
		{C7366584-FDDA-4960-94F2-A357F48F6A4B}.Debug|ARM.ActiveCfg = Debug|Any CPU
		{C7366584-FDDA-4960-94F2-A357F48F6A4B}.Debug|ARM.Build.0 = Debug|Any CPU
		{C7366584-FDDA-4960-94F2-A357F48F6A4B}.Debug|ARM.Deploy.0 = Debug|Any CPU
		{C7366584-FDDA-4960-94F2-A357F48F6A4B}.Debug|iPhone.ActiveCfg = Debug|Any CPU
		{C7366584-FDDA-4960-94F2-A357F48F6A4B}.Debug|iPhone.Build.0 = Debug|Any CPU
		{C7366584-FDDA-4960-94F2-A357F48F6A4B}.Debug|iPhone.Deploy.0 = Debug|Any CPU
		{C7366584-FDDA-4960-94F2-A357F48F6A4B}.Debug|iPhoneSimulator.ActiveCfg = Debug|Any CPU
		{C7366584-FDDA-4960-94F2-A357F48F6A4B}.Debug|iPhoneSimulator.Build.0 = Debug|Any CPU
		{C7366584-FDDA-4960-94F2-A357F48F6A4B}.Debug|iPhoneSimulator.Deploy.0 = Debug|Any CPU
		{C7366584-FDDA-4960-94F2-A357F48F6A4B}.Debug|x64.ActiveCfg = Debug|Any CPU
		{C7366584-FDDA-4960-94F2-A357F48F6A4B}.Debug|x64.Build.0 = Debug|Any CPU
		{C7366584-FDDA-4960-94F2-A357F48F6A4B}.Debug|x64.Deploy.0 = Debug|Any CPU
		{C7366584-FDDA-4960-94F2-A357F48F6A4B}.Debug|x86.ActiveCfg = Debug|Any CPU
		{C7366584-FDDA-4960-94F2-A357F48F6A4B}.Debug|x86.Build.0 = Debug|Any CPU
		{C7366584-FDDA-4960-94F2-A357F48F6A4B}.Debug|x86.Deploy.0 = Debug|Any CPU
		{C7366584-FDDA-4960-94F2-A357F48F6A4B}.Release|Any CPU.ActiveCfg = Release|Any CPU
		{C7366584-FDDA-4960-94F2-A357F48F6A4B}.Release|Any CPU.Build.0 = Release|Any CPU
		{C7366584-FDDA-4960-94F2-A357F48F6A4B}.Release|Any CPU.Deploy.0 = Release|Any CPU
		{C7366584-FDDA-4960-94F2-A357F48F6A4B}.Release|ARM.ActiveCfg = Release|Any CPU
		{C7366584-FDDA-4960-94F2-A357F48F6A4B}.Release|ARM.Build.0 = Release|Any CPU
		{C7366584-FDDA-4960-94F2-A357F48F6A4B}.Release|ARM.Deploy.0 = Release|Any CPU
		{C7366584-FDDA-4960-94F2-A357F48F6A4B}.Release|iPhone.ActiveCfg = Release|Any CPU
		{C7366584-FDDA-4960-94F2-A357F48F6A4B}.Release|iPhone.Build.0 = Release|Any CPU
		{C7366584-FDDA-4960-94F2-A357F48F6A4B}.Release|iPhone.Deploy.0 = Release|Any CPU
		{C7366584-FDDA-4960-94F2-A357F48F6A4B}.Release|iPhoneSimulator.ActiveCfg = Release|Any CPU
		{C7366584-FDDA-4960-94F2-A357F48F6A4B}.Release|iPhoneSimulator.Build.0 = Release|Any CPU
		{C7366584-FDDA-4960-94F2-A357F48F6A4B}.Release|iPhoneSimulator.Deploy.0 = Release|Any CPU
		{C7366584-FDDA-4960-94F2-A357F48F6A4B}.Release|x64.ActiveCfg = Release|Any CPU
		{C7366584-FDDA-4960-94F2-A357F48F6A4B}.Release|x64.Build.0 = Release|Any CPU
		{C7366584-FDDA-4960-94F2-A357F48F6A4B}.Release|x64.Deploy.0 = Release|Any CPU
		{C7366584-FDDA-4960-94F2-A357F48F6A4B}.Release|x86.ActiveCfg = Release|Any CPU
		{C7366584-FDDA-4960-94F2-A357F48F6A4B}.Release|x86.Build.0 = Release|Any CPU
		{C7366584-FDDA-4960-94F2-A357F48F6A4B}.Release|x86.Deploy.0 = Release|Any CPU
	EndGlobalSection
	GlobalSection(SolutionProperties) = preSolution
		HideSolutionNode = FALSE
	EndGlobalSection
	GlobalSection(ExtensibilityGlobals) = postSolution
		SolutionGuid = {8370B71B-BC53-429B-88F3-35F6233CC10E}
	EndGlobalSection
EndGlobal
